<?xml version="1.0" encoding="utf-8"?>
<Project ToolsVersion="4.0" xmlns="http://schemas.microsoft.com/developer/msbuild/2003">
  <ItemGroup>
    <Filter Include="소스 파일">
      <UniqueIdentifier>{4FC737F1-C7A5-4376-A066-2A32D752A2FF}</UniqueIdentifier>
      <Extensions>cpp;c;cc;cxx;c++;cppm;ixx;def;odl;idl;hpj;bat;asm;asmx</Extensions>
    </Filter>
    <Filter Include="헤더 파일">
      <UniqueIdentifier>{93995380-89BD-4b04-88EB-625FBE52EBFB}</UniqueIdentifier>
      <Extensions>h;hh;hpp;hxx;h++;hm;inl;inc;ipp;xsd</Extensions>
    </Filter>
    <Filter Include="리소스 파일">
      <UniqueIdentifier>{67DA6AB6-F800-4c08-8B7A-83BB121AAD01}</UniqueIdentifier>
      <Extensions>rc;ico;cur;bmp;dlg;rc2;rct;bin;rgs;gif;jpg;jpeg;jpe;resx;tiff;tif;png;wav;mfcribbon-ms</Extensions>
    </Filter>
    <Filter Include="소스 파일\Chapter02">
      <UniqueIdentifier>{878aaed4-35b7-4370-8720-27c745c86175}</UniqueIdentifier>
    </Filter>
    <Filter Include="소스 파일\Chapter03">
      <UniqueIdentifier>{39bb4a33-fc6e-4662-a279-2ab3fef413eb}</UniqueIdentifier>
    </Filter>
    <Filter Include="소스 파일\Chapter04">
      <UniqueIdentifier>{6ab8cd80-42f5-4ac9-b561-9a83ec9be18e}</UniqueIdentifier>
    </Filter>
    <Filter Include="소스 파일\그 외">
      <UniqueIdentifier>{4d96c08f-b7e8-4d93-aee5-2bd98dd58da8}</UniqueIdentifier>
    </Filter>
  </ItemGroup>
  <ItemGroup>
    <ClCompile Include="예제2-1 자료형에 대한 메모리 할당 크기 확인하기.c">
      <Filter>소스 파일\Chapter02</Filter>
    </ClCompile>
    <ClCompile Include="예제2-2 학년별 취득 학점 입출력하기.c">
      <Filter>소스 파일\Chapter02</Filter>
    </ClCompile>
    <ClCompile Include="예제2-3 입력한 숫자를 구구단으로 출력하기.c">
      <Filter>소스 파일\Chapter02</Filter>
    </ClCompile>
    <ClCompile Include="예제2-4 문자 배열에 문자열을 저장하고 출력하기.c">
      <Filter>소스 파일\Chapter02</Filter>
    </ClCompile>
    <ClCompile Include="예제2-5 입력한 문자열의 길이 계산하기.c">
      <Filter>소스 파일\Chapter02</Filter>
    </ClCompile>
    <ClCompile Include="예제2-6 3차원 배열 입출력하기.c">
      <Filter>소스 파일\Chapter02</Filter>
    </ClCompile>
    <ClCompile Include="예제2-7 3차원 배열을 이용해 문자 배열 입출력하기.c">
      <Filter>소스 파일\Chapter02</Filter>
    </ClCompile>
    <ClCompile Include="예제2-8 포인터 연산자를 이용해 변수 액세스하기.c">
      <Filter>소스 파일\Chapter02</Filter>
    </ClCompile>
    <ClCompile Include="예제2-9 포인터를 이용해 문자열 처리하기.c">
      <Filter>소스 파일\Chapter02</Filter>
    </ClCompile>
    <ClCompile Include="예제2-10 포인터 배열을 이용해 문자열 저장하기.c">
      <Filter>소스 파일\Chapter02</Filter>
    </ClCompile>
    <ClCompile Include="예제2-11 포인터 배열과 포인터의 포인터 사용하기.c">
      <Filter>소스 파일\Chapter02</Filter>
    </ClCompile>
    <ClCompile Include="예제2-12 점 연산자를 이용해 데이터 항목 참조하기.c">
      <Filter>소스 파일\Chapter02</Filter>
    </ClCompile>
    <ClCompile Include="예제2-13 화살표 연산자를 이용해 데이터 항목 참조하기.c">
      <Filter>소스 파일\Chapter02</Filter>
    </ClCompile>
    <ClCompile Include="예제2-14 재귀호출을 이용해 팩토리얼 값 구하기.c">
      <Filter>소스 파일\Chapter02</Filter>
    </ClCompile>
    <ClCompile Include="예제2-15 재귀호출을 이용해 하노이 탑 퍼즐 풀기.c">
      <Filter>소스 파일\Chapter02</Filter>
    </ClCompile>
    <ClCompile Include="예제3-1 원소의 논리적ㆍ물리적 순서 확인하기.c">
      <Filter>소스 파일\Chapter03</Filter>
    </ClCompile>
    <ClCompile Include="예제3-2 2차원 배열의 논리적ㆍ물리적 순서 확인하기.c">
      <Filter>소스 파일\Chapter03</Filter>
    </ClCompile>
    <ClCompile Include="예제3-3 3차원 배열의 논리적ㆍ물리적 순서 확인하기.c">
      <Filter>소스 파일\Chapter03</Filter>
    </ClCompile>
    <ClCompile Include="예제3-4 순차 리스트를 이용해 다항식 덧셈하기.c">
      <Filter>소스 파일\Chapter03</Filter>
    </ClCompile>
    <ClCompile Include="예제3-5 희소행렬의 전치 연산하기.c">
      <Filter>소스 파일\Chapter03</Filter>
    </ClCompile>
    <ClCompile Include="예제4-1 단순 연결 리스트에 노드 삽입하기.c">
      <Filter>소스 파일\Chapter04</Filter>
    </ClCompile>
    <ClCompile Include="예제4-2 단순 연결 리스트에서 노드 삭제하고 탐색하기.c">
      <Filter>소스 파일\Chapter04</Filter>
    </ClCompile>
    <ClCompile Include="예제4-3 원형 연결 리스트에서 노드 삽입ㆍ삭제ㆍ탐색하기.c">
      <Filter>소스 파일\Chapter04</Filter>
    </ClCompile>
    <ClCompile Include="이중 연결 리스트에서 노드 삽입ㆍ삭제ㆍ탐색하기.c">
      <Filter>소스 파일\Chapter04</Filter>
    </ClCompile>
    <ClCompile Include="memory_alloc.c">
      <Filter>소스 파일\그 외</Filter>
    </ClCompile>
  </ItemGroup>
</Project>